
Microsoft Visual Studio Solution File, Format Version 12.00
# Visual Studio Version 16
VisualStudioVersion = 16.0.30309.148
MinimumVisualStudioVersion = 10.0.40219.1
Project("{FAE04EC0-301F-11D3-BF4B-00C04F79EFBC}") = "SpiceyRecipeAPI", "SpiceyRecipeAPI.csproj", "{65A52095-8BD2-421A-97C2-76E042639DAA}"
EndProject
Global
	GlobalSection(SolutionConfigurationPlatforms) = preSolution
		Debug|Any CPU = Debug|Any CPU
		Release|Any CPU = Release|Any CPU
	EndGlobalSection
	GlobalSection(ProjectConfigurationPlatforms) = postSolution
		{65A52095-8BD2-421A-97C2-76E042639DAA}.Debug|Any CPU.ActiveCfg = Debug|Any CPU
		{65A52095-8BD2-421A-97C2-76E042639DAA}.Debug|Any CPU.Build.0 = Debug|Any CPU
		{65A52095-8BD2-421A-97C2-76E042639DAA}.Release|Any CPU.ActiveCfg = Release|Any CPU
		{65A52095-8BD2-421A-97C2-76E042639DAA}.Release|Any CPU.Build.0 = Release|Any CPU
	EndGlobalSection
	GlobalSection(SolutionProperties) = preSolution
		HideSolutionNode = FALSE
	EndGlobalSection
	GlobalSection(ExtensibilityGlobals) = postSolution
		SolutionGuid = {1AC259B1-4F2F-455E-A3FA-6AEBAFF738E4}
	EndGlobalSection
EndGlobal
